
Microsoft Visual Studio Solution File, Format Version 12.00
# Visual Studio Version 17
VisualStudioVersion = 17.3.32825.248
MinimumVisualStudioVersion = 10.0.40219.1
Project("{FAE04EC0-301F-11D3-BF4B-00C04F79EFBC}") = "amimation", "amimation.csproj", "{B385BA63-0C5F-4EFB-99C4-99075A538168}"
EndProject
Global
	GlobalSection(SolutionConfigurationPlatforms) = preSolution
		Debug|Any CPU = Debug|Any CPU
		Release|Any CPU = Release|Any CPU
	EndGlobalSection
	GlobalSection(ProjectConfigurationPlatforms) = postSolution
		{B385BA63-0C5F-4EFB-99C4-99075A538168}.Debug|Any CPU.ActiveCfg = Debug|Any CPU
		{B385BA63-0C5F-4EFB-99C4-99075A538168}.Debug|Any CPU.Build.0 = Debug|Any CPU
		{B385BA63-0C5F-4EFB-99C4-99075A538168}.Release|Any CPU.ActiveCfg = Release|Any CPU
		{B385BA63-0C5F-4EFB-99C4-99075A538168}.Release|Any CPU.Build.0 = Release|Any CPU
	EndGlobalSection
	GlobalSection(SolutionProperties) = preSolution
		HideSolutionNode = FALSE
	EndGlobalSection
	GlobalSection(ExtensibilityGlobals) = postSolution
		SolutionGuid = {26E7B5FF-DBB2-4972-AD2A-C28A6AF4F5BA}
	EndGlobalSection
EndGlobal
